// !$*UTF8*$!
{
	archiveVersion = 1;
	classes = {
	};
	objectVersion = 46;
	objects = {

/* Begin PBXBuildFile section */
		008A85221CB8C1A900C7ECE5 /* AppDelegate.swift in Sources */ = {isa = PBXBuildFile; fileRef = 008A85211CB8C1A900C7ECE5 /* AppDelegate.swift */; };
		008A85241CB8C1A900C7ECE5 /* ViewController.swift in Sources */ = {isa = PBXBuildFile; fileRef = 008A85231CB8C1A900C7ECE5 /* ViewController.swift */; };
		008A85271CB8C1A900C7ECE5 /* Main.storyboard in Resources */ = {isa = PBXBuildFile; fileRef = 008A85251CB8C1A900C7ECE5 /* Main.storyboard */; };
		008A85291CB8C1A900C7ECE5 /* Assets.xcassets in Resources */ = {isa = PBXBuildFile; fileRef = 008A85281CB8C1A900C7ECE5 /* Assets.xcassets */; };
		008A852C1CB8C1A900C7ECE5 /* LaunchScreen.storyboard in Resources */ = {isa = PBXBuildFile; fileRef = 008A852A1CB8C1A900C7ECE5 /* LaunchScreen.storyboard */; };
		008A85371CB8C1AA00C7ECE5 /* TeamCityTestTests.swift in Sources */ = {isa = PBXBuildFile; fileRef = 008A85361CB8C1AA00C7ECE5 /* TeamCityTestTests.swift */; };
		008A85421CB8C1AA00C7ECE5 /* TeamCityTestUITests.swift in Sources */ = {isa = PBXBuildFile; fileRef = 008A85411CB8C1AA00C7ECE5 /* TeamCityTestUITests.swift */; };
/* End PBXBuildFile section */

/* Begin PBXContainerItemProxy section */
		008A85331CB8C1AA00C7ECE5 /* PBXContainerItemProxy */ = {
			isa = PBXContainerItemProxy;
			containerPortal = 008A85161CB8C1A900C7ECE5 /* Project object */;
			proxyType = 1;
			remoteGlobalIDString = 008A851D1CB8C1A900C7ECE5;
			remoteInfo = TeamCityTest;
		};
		008A853E1CB8C1AA00C7ECE5 /* PBXContainerItemProxy */ = {
			isa = PBXContainerItemProxy;
			containerPortal = 008A85161CB8C1A900C7ECE5 /* Project object */;
			proxyType = 1;
			remoteGlobalIDString = 008A851D1CB8C1A900C7ECE5;
			remoteInfo = TeamCityTest;
		};
/* End PBXContainerItemProxy section */

/* Begin PBXFileReference section */
		008A851E1CB8C1A900C7ECE5 /* TeamCityTest.app */ = {isa = PBXFileReference; explicitFileType = wrapper.application; includeInIndex = 0; path = TeamCityTest.app; sourceTree = BUILT_PRODUCTS_DIR; };
		008A85211CB8C1A900C7ECE5 /* AppDelegate.swift */ = {isa = PBXFileReference; lastKnownFileType = sourcecode.swift; path = AppDelegate.swift; sourceTree = "<group>"; };
		008A85231CB8C1A900C7ECE5 /* ViewController.swift */ = {isa = PBXFileReference; lastKnownFileType = sourcecode.swift; path = ViewController.swift; sourceTree = "<group>"; };
		008A85261CB8C1A900C7ECE5 /* Base */ = {isa = PBXFileReference; lastKnownFileType = file.storyboard; name = Base; path = Base.lproj/Main.storyboard; sourceTree = "<group>"; };
		008A85281CB8C1A900C7ECE5 /* Assets.xcassets */ = {isa = PBXFileReference; lastKnownFileType = folder.assetcatalog; path = Assets.xcassets; sourceTree = "<group>"; };
		008A852B1CB8C1A900C7ECE5 /* Base */ = {isa = PBXFileReference; lastKnownFileType = file.storyboard; name = Base; path = Base.lproj/LaunchScreen.storyboard; sourceTree = "<group>"; };
		008A852D1CB8C1A900C7ECE5 /* Info.plist */ = {isa = PBXFileReference; lastKnownFileType = text.plist.xml; path = Info.plist; sourceTree = "<group>"; };
		008A85321CB8C1AA00C7ECE5 /* TeamCityTestTests.xctest */ = {isa = PBXFileReference; explicitFileType = wrapper.cfbundle; includeInIndex = 0; path = TeamCityTestTests.xctest; sourceTree = BUILT_PRODUCTS_DIR; };
		008A85361CB8C1AA00C7ECE5 /* TeamCityTestTests.swift */ = {isa = PBXFileReference; lastKnownFileType = sourcecode.swift; path = TeamCityTestTests.swift; sourceTree = "<group>"; };
		008A85381CB8C1AA00C7ECE5 /* Info.plist */ = {isa = PBXFileReference; lastKnownFileType = text.plist.xml; path = Info.plist; sourceTree = "<group>"; };
		008A853D1CB8C1AA00C7ECE5 /* TeamCityTestUITests.xctest */ = {isa = PBXFileReference; explicitFileType = wrapper.cfbundle; includeInIndex = 0; path = TeamCityTestUITests.xctest; sourceTree = BUILT_PRODUCTS_DIR; };
		008A85411CB8C1AA00C7ECE5 /* TeamCityTestUITests.swift */ = {isa = PBXFileReference; lastKnownFileType = sourcecode.swift; path = TeamCityTestUITests.swift; sourceTree = "<group>"; };
		008A85431CB8C1AA00C7ECE5 /* Info.plist */ = {isa = PBXFileReference; lastKnownFileType = text.plist.xml; path = Info.plist; sourceTree = "<group>"; };
/* End PBXFileReference section */

/* Begin PBXFrameworksBuildPhase section */
		008A851B1CB8C1A900C7ECE5 /* Frameworks */ = {
			isa = PBXFrameworksBuildPhase;
			buildActionMask = 2147483647;
			files = (
			);
			runOnlyForDeploymentPostprocessing = 0;
		};
		008A852F1CB8C1AA00C7ECE5 /* Frameworks */ = {
			isa = PBXFrameworksBuildPhase;
			buildActionMask = 2147483647;
			files = (
			);
			runOnlyForDeploymentPostprocessing = 0;
		};
		008A853A1CB8C1AA00C7ECE5 /* Frameworks */ = {
			isa = PBXFrameworksBuildPhase;
			buildActionMask = 2147483647;
			files = (
			);
			runOnlyForDeploymentPostprocessing = 0;
		};
/* End PBXFrameworksBuildPhase section */

/* Begin PBXGroup section */
		008A85151CB8C1A900C7ECE5 = {
			isa = PBXGroup;
			children = (
				008A85201CB8C1A900C7ECE5 /* TeamCityTest */,
				008A85351CB8C1AA00C7ECE5 /* TeamCityTestTests */,
				008A85401CB8C1AA00C7ECE5 /* TeamCityTestUITests */,
				008A851F1CB8C1A900C7ECE5 /* Products */,
			);
			sourceTree = "<group>";
		};
		008A851F1CB8C1A900C7ECE5 /* Products */ = {
			isa = PBXGroup;
			children = (
				008A851E1CB8C1A900C7ECE5 /* TeamCityTest.app */,
				008A85321CB8C1AA00C7ECE5 /* TeamCityTestTests.xctest */,
				008A853D1CB8C1AA00C7ECE5 /* TeamCityTestUITests.xctest */,
			);
			name = Products;
			sourceTree = "<group>";
		};
		008A85201CB8C1A900C7ECE5 /* TeamCityTest */ = {
			isa = PBXGroup;
			children = (
				008A85211CB8C1A900C7ECE5 /* AppDelegate.swift */,
				008A85231CB8C1A900C7ECE5 /* ViewController.swift */,
				008A85251CB8C1A900C7ECE5 /* Main.storyboard */,
				008A85281CB8C1A900C7ECE5 /* Assets.xcassets */,
				008A852A1CB8C1A900C7ECE5 /* LaunchScreen.storyboard */,
				008A852D1CB8C1A900C7ECE5 /* Info.plist */,
			);
			path = TeamCityTest;
			sourceTree = "<group>";
		};
		008A85351CB8C1AA00C7ECE5 /* TeamCityTestTests */ = {
			isa = PBXGroup;
			children = (
				008A85361CB8C1AA00C7ECE5 /* TeamCityTestTests.swift */,
				008A85381CB8C1AA00C7ECE5 /* Info.plist */,
			);
			path = TeamCityTestTests;
			sourceTree = "<group>";
		};
		008A85401CB8C1AA00C7ECE5 /* TeamCityTestUITests */ = {
			isa = PBXGroup;
			children = (
				008A85411CB8C1AA00C7ECE5 /* TeamCityTestUITests.swift */,
				008A85431CB8C1AA00C7ECE5 /* Info.plist */,
			);
			path = TeamCityTestUITests;
			sourceTree = "<group>";
		};
/* End PBXGroup section */

/* Begin PBXNativeTarget section */
		008A851D1CB8C1A900C7ECE5 /* TeamCityTest */ = {
			isa = PBXNativeTarget;
			buildConfigurationList = 008A85461CB8C1AA00C7ECE5 /* Build configuration list for PBXNativeTarget "TeamCityTest" */;
			buildPhases = (
				008A851A1CB8C1A900C7ECE5 /* Sources */,
				008A851B1CB8C1A900C7ECE5 /* Frameworks */,
				008A851C1CB8C1A900C7ECE5 /* Resources */,
			);
			buildRules = (
			);
			dependencies = (
			);
			name = TeamCityTest;
			productName = TeamCityTest;
			productReference = 008A851E1CB8C1A900C7ECE5 /* TeamCityTest.app */;
			productType = "com.apple.product-type.application";
		};
		008A85311CB8C1AA00C7ECE5 /* TeamCityTestTests */ = {
			isa = PBXNativeTarget;
			buildConfigurationList = 008A85491CB8C1AA00C7ECE5 /* Build configuration list for PBXNativeTarget "TeamCityTestTests" */;
			buildPhases = (
				008A852E1CB8C1AA00C7ECE5 /* Sources */,
				008A852F1CB8C1AA00C7ECE5 /* Frameworks */,
				008A85301CB8C1AA00C7ECE5 /* Resources */,
			);
			buildRules = (
			);
			dependencies = (
				008A85341CB8C1AA00C7ECE5 /* PBXTargetDependency */,
			);
			name = TeamCityTestTests;
			productName = TeamCityTestTests;
			productReference = 008A85321CB8C1AA00C7ECE5 /* TeamCityTestTests.xctest */;
			productType = "com.apple.product-type.bundle.unit-test";
		};
		008A853C1CB8C1AA00C7ECE5 /* TeamCityTestUITests */ = {
			isa = PBXNativeTarget;
			buildConfigurationList = 008A854C1CB8C1AA00C7ECE5 /* Build configuration list for PBXNativeTarget "TeamCityTestUITests" */;
			buildPhases = (
				008A85391CB8C1AA00C7ECE5 /* Sources */,
				008A853A1CB8C1AA00C7ECE5 /* Frameworks */,
				008A853B1CB8C1AA00C7ECE5 /* Resources */,
			);
			buildRules = (
			);
			dependencies = (
				008A853F1CB8C1AA00C7ECE5 /* PBXTargetDependency */,
			);
			name = TeamCityTestUITests;
			productName = TeamCityTestUITests;
			productReference = 008A853D1CB8C1AA00C7ECE5 /* TeamCityTestUITests.xctest */;
			productType = "com.apple.product-type.bundle.ui-testing";
		};
/* End PBXNativeTarget section */

/* Begin PBXProject section */
		008A85161CB8C1A900C7ECE5 /* Project object */ = {
			isa = PBXProject;
			attributes = {
				LastSwiftUpdateCheck = 0730;
				LastUpgradeCheck = 0730;
				ORGANIZATIONNAME = "Steve Riggins";
				TargetAttributes = {
					008A851D1CB8C1A900C7ECE5 = {
						CreatedOnToolsVersion = 7.3;
					};
					008A85311CB8C1AA00C7ECE5 = {
						CreatedOnToolsVersion = 7.3;
						TestTargetID = 008A851D1CB8C1A900C7ECE5;
					};
					008A853C1CB8C1AA00C7ECE5 = {
						CreatedOnToolsVersion = 7.3;
						TestTargetID = 008A851D1CB8C1A900C7ECE5;
					};
				};
			};
			buildConfigurationList = 008A85191CB8C1A900C7ECE5 /* Build configuration list for PBXProject "TeamCityTest" */;
			compatibilityVersion = "Xcode 3.2";
			developmentRegion = English;
			hasScannedForEncodings = 0;
			knownRegions = (
				en,
				Base,
			);
			mainGroup = 008A85151CB8C1A900C7ECE5;
			productRefGroup = 008A851F1CB8C1A900C7ECE5 /* Products */;
			projectDirPath = "";
			projectRoot = "";
			targets = (
				008A851D1CB8C1A900C7ECE5 /* TeamCityTest */,
				008A85311CB8C1AA00C7ECE5 /* TeamCityTestTests */,
				008A853C1CB8C1AA00C7ECE5 /* TeamCityTestUITests */,
			);
		};
/* End PBXProject section */

/* Begin PBXResourcesBuildPhase section */
		008A851C1CB8C1A900C7ECE5 /* Resources */ = {
			isa = PBXResourcesBuildPhase;
			buildActionMask = 2147483647;
			files = (
				008A852C1CB8C1A900C7ECE5 /* LaunchScreen.storyboard in Resources */,
				008A85291CB8C1A900C7ECE5 /* Assets.xcassets in Resources */,
				008A85271CB8C1A900C7ECE5 /* Main.storyboard in Resources */,
			);
			runOnlyForDeploymentPostprocessing = 0;
		};
		008A85301CB8C1AA00C7ECE5 /* Resources */ = {
			isa = PBXResourcesBuildPhase;
			buildActionMask = 2147483647;
			files = (
			);
			runOnlyForDeploymentPostprocessing = 0;
		};
		008A853B1CB8C1AA00C7ECE5 /* Resources */ = {
			isa = PBXResourcesBuildPhase;
			buildActionMask = 2147483647;
			files = (
			);
			runOnlyForDeploymentPostprocessing = 0;
		};
/* End PBXResourcesBuildPhase section */

/* Begin PBXSourcesBuildPhase section */
		008A851A1CB8C1A900C7ECE5 /* Sources */ = {
			isa = PBXSourcesBuildPhase;
			buildActionMask = 2147483647;
			files = (
				008A85241CB8C1A900C7ECE5 /* ViewController.swift in Sources */,
				008A85221CB8C1A900C7ECE5 /* AppDelegate.swift in Sources */,
			);
			runOnlyForDeploymentPostprocessing = 0;
		};
		008A852E1CB8C1AA00C7ECE5 /* Sources */ = {
			isa = PBXSourcesBuildPhase;
			buildActionMask = 2147483647;
			files = (
				008A85371CB8C1AA00C7ECE5 /* TeamCityTestTests.swift in Sources */,
			);
			runOnlyForDeploymentPostprocessing = 0;
		};
		008A85391CB8C1AA00C7ECE5 /* Sources */ = {
			isa = PBXSourcesBuildPhase;
			buildActionMask = 2147483647;
			files = (
				008A85421CB8C1AA00C7ECE5 /* TeamCityTestUITests.swift in Sources */,
			);
			runOnlyForDeploymentPostprocessing = 0;
		};
/* End PBXSourcesBuildPhase section */

/* Begin PBXTargetDependency section */
		008A85341CB8C1AA00C7ECE5 /* PBXTargetDependency */ = {
			isa = PBXTargetDependency;
			target = 008A851D1CB8C1A900C7ECE5 /* TeamCityTest */;
			targetProxy = 008A85331CB8C1AA00C7ECE5 /* PBXContainerItemProxy */;
		};
		008A853F1CB8C1AA00C7ECE5 /* PBXTargetDependency */ = {
			isa = PBXTargetDependency;
			target = 008A851D1CB8C1A900C7ECE5 /* TeamCityTest */;
			targetProxy = 008A853E1CB8C1AA00C7ECE5 /* PBXContainerItemProxy */;
		};
/* End PBXTargetDependency section */

/* Begin PBXVariantGroup section */
		008A85251CB8C1A900C7ECE5 /* Main.storyboard */ = {
			isa = PBXVariantGroup;
			children = (
				008A85261CB8C1A900C7ECE5 /* Base */,
			);
			name = Main.storyboard;
			sourceTree = "<group>";
		};
		008A852A1CB8C1A900C7ECE5 /* LaunchScreen.storyboard */ = {
			isa = PBXVariantGroup;
			children = (
				008A852B1CB8C1A900C7ECE5 /* Base */,
			);
			name = LaunchScreen.storyboard;
			sourceTree = "<group>";
		};
/* End PBXVariantGroup section */

/* Begin XCBuildConfiguration section */
		008A85441CB8C1AA00C7ECE5 /* Debug */ = {
			isa = XCBuildConfiguration;
			buildSettings = {
				ALWAYS_SEARCH_USER_PATHS = NO;
				CLANG_ANALYZER_NONNULL = YES;
				CLANG_CXX_LANGUAGE_STANDARD = "gnu++0x";
				CLANG_CXX_LIBRARY = "libc++";
				CLANG_ENABLE_MODULES = YES;
				CLANG_ENABLE_OBJC_ARC = YES;
				CLANG_WARN_BOOL_CONVERSION = YES;
				CLANG_WARN_CONSTANT_CONVERSION = YES;
				CLANG_WARN_DIRECT_OBJC_ISA_USAGE = YES_ERROR;
				CLANG_WARN_EMPTY_BODY = YES;
				CLANG_WARN_ENUM_CONVERSION = YES;
				CLANG_WARN_INT_CONVERSION = YES;
				CLANG_WARN_OBJC_ROOT_CLASS = YES_ERROR;
				CLANG_WARN_UNREACHABLE_CODE = YES;
				CLANG_WARN__DUPLICATE_METHOD_MATCH = YES;
				"CODE_SIGN_IDENTITY[sdk=iphoneos*]" = "iPhone Developer";
				COPY_PHASE_STRIP = NO;
				DEBUG_INFORMATION_FORMAT = dwarf;
				ENABLE_STRICT_OBJC_MSGSEND = YES;
				ENABLE_TESTABILITY = YES;
				GCC_C_LANGUAGE_STANDARD = gnu99;
				GCC_DYNAMIC_NO_PIC = NO;
				GCC_NO_COMMON_BLOCKS = YES;
				GCC_OPTIMIZATION_LEVEL = 0;
				GCC_PREPROCESSOR_DEFINITIONS = (
					"DEBUG=1",
					"$(inherited)",
				);
				GCC_WARN_64_TO_32_BIT_CONVERSION = YES;
				GCC_WARN_ABOUT_RETURN_TYPE = YES_ERROR;
				GCC_WARN_UNDECLARED_SELECTOR = YES;
				GCC_WARN_UNINITIALIZED_AUTOS = YES_AGGRESSIVE;
				GCC_WARN_UNUSED_FUNCTION = YES;
				GCC_WARN_UNUSED_VARIABLE = YES;
				IPHONEOS_DEPLOYMENT_TARGET = 9.3;
				MTL_ENABLE_DEBUG_INFO = YES;
				ONLY_ACTIVE_ARCH = YES;
				SDKROOT = iphoneos;
				SWIFT_OPTIMIZATION_LEVEL = "-Onone";
			};
			name = Debug;
		};
		008A85451CB8C1AA00C7ECE5 /* Release */ = {
			isa = XCBuildConfiguration;
			buildSettings = {
				ALWAYS_SEARCH_USER_PATHS = NO;
				CLANG_ANALYZER_NONNULL = YES;
				CLANG_CXX_LANGUAGE_STANDARD = "gnu++0x";
				CLANG_CXX_LIBRARY = "libc++";
				CLANG_ENABLE_MODULES = YES;
				CLANG_ENABLE_OBJC_ARC = YES;
				CLANG_WARN_BOOL_CONVERSION = YES;
				CLANG_WARN_CONSTANT_CONVERSION = YES;
				CLANG_WARN_DIRECT_OBJC_ISA_USAGE = YES_ERROR;
				CLANG_WARN_EMPTY_BODY = YES;
				CLANG_WARN_ENUM_CONVERSION = YES;
				CLANG_WARN_INT_CONVERSION = YES;
				CLANG_WARN_OBJC_ROOT_CLASS = YES_ERROR;
				CLANG_WARN_UNREACHABLE_CODE = YES;
				CLANG_WARN__DUPLICATE_METHOD_MATCH = YES;
				"CODE_SIGN_IDENTITY[sdk=iphoneos*]" = "iPhone Developer";
				COPY_PHASE_STRIP = NO;
				DEBUG_INFORMATION_FORMAT = "dwarf-with-dsym";
				ENABLE_NS_ASSERTIONS = NO;
				ENABLE_STRICT_OBJC_MSGSEND = YES;
				GCC_C_LANGUAGE_STANDARD = gnu99;
				GCC_NO_COMMON_BLOCKS = YES;
				GCC_WARN_64_TO_32_BIT_CONVERSION = YES;
				GCC_WARN_ABOUT_RETURN_TYPE = YES_ERROR;
				GCC_WARN_UNDECLARED_SELECTOR = YES;
				GCC_WARN_UNINITIALIZED_AUTOS = YES_AGGRESSIVE;
				GCC_WARN_UNUSED_FUNCTION = YES;
				GCC_WARN_UNUSED_VARIABLE = YES;
				IPHONEOS_DEPLOYMENT_TARGET = 9.3;
				MTL_ENABLE_DEBUG_INFO = NO;
				SDKROOT = iphoneos;
				VALIDATE_PRODUCT = YES;
			};
			name = Release;
		};
		008A85471CB8C1AA00C7ECE5 /* Debug */ = {
			isa = XCBuildConfiguration;
			buildSettings = {
				ASSETCATALOG_COMPILER_APPICON_NAME = AppIcon;
				INFOPLIST_FILE = TeamCityTest/Info.plist;
				LD_RUNPATH_SEARCH_PATHS = "$(inherited) @executable_path/Frameworks";
				PRODUCT_BUNDLE_IDENTIFIER = net.steveriggins.TeamCityTest;
				PRODUCT_NAME = "$(TARGET_NAME)";
			};
			name = Debug;
		};
		008A85481CB8C1AA00C7ECE5 /* Release */ = {
			isa = XCBuildConfiguration;
			buildSettings = {
				ASSETCATALOG_COMPILER_APPICON_NAME = AppIcon;
				INFOPLIST_FILE = TeamCityTest/Info.plist;
				LD_RUNPATH_SEARCH_PATHS = "$(inherited) @executable_path/Frameworks";
				PRODUCT_BUNDLE_IDENTIFIER = net.steveriggins.TeamCityTest;
				PRODUCT_NAME = "$(TARGET_NAME)";
			};
			name = Release;
		};
		008A854A1CB8C1AA00C7ECE5 /* Debug */ = {
			isa = XCBuildConfiguration;
			buildSettings = {
				BUNDLE_LOADER = "$(TEST_HOST)";
				INFOPLIST_FILE = TeamCityTestTests/Info.plist;
				LD_RUNPATH_SEARCH_PATHS = "$(inherited) @executable_path/Frameworks @loader_path/Frameworks";
				PRODUCT_BUNDLE_IDENTIFIER = net.steveriggins.TeamCityTestTests;
				PRODUCT_NAME = "$(TARGET_NAME)";
				TEST_HOST = "$(BUILT_PRODUCTS_DIR)/TeamCityTest.app/TeamCityTest";
			};
			name = Debug;
		};
		008A854B1CB8C1AA00C7ECE5 /* Release */ = {
			isa = XCBuildConfiguration;
			buildSettings = {
				BUNDLE_LOADER = "$(TEST_HOST)";
				INFOPLIST_FILE = TeamCityTestTests/Info.plist;
				LD_RUNPATH_SEARCH_PATHS = "$(inherited) @executable_path/Frameworks @loader_path/Frameworks";
				PRODUCT_BUNDLE_IDENTIFIER = net.steveriggins.TeamCityTestTests;
				PRODUCT_NAME = "$(TARGET_NAME)";
				TEST_HOST = "$(BUILT_PRODUCTS_DIR)/TeamCityTest.app/TeamCityTest";
			};
			name = Release;
		};
		008A854D1CB8C1AA00C7ECE5 /* Debug */ = {
			isa = XCBuildConfiguration;
			buildSettings = {
				INFOPLIST_FILE = TeamCityTestUITests/Info.plist;
				LD_RUNPATH_SEARCH_PATHS = "$(inherited) @executable_path/Frameworks @loader_path/Frameworks";
				PRODUCT_BUNDLE_IDENTIFIER = net.steveriggins.TeamCityTestUITests;
				PRODUCT_NAME = "$(TARGET_NAME)";
				TEST_TARGET_NAME = TeamCityTest;
			};
			name = Debug;
		};
		008A854E1CB8C1AA00C7ECE5 /* Release */ = {
			isa = XCBuildConfiguration;
			buildSettings = {
				INFOPLIST_FILE = TeamCityTestUITests/Info.plist;
				LD_RUNPATH_SEARCH_PATHS = "$(inherited) @executable_path/Frameworks @loader_path/Frameworks";
				PRODUCT_BUNDLE_IDENTIFIER = net.steveriggins.TeamCityTestUITests;
				PRODUCT_NAME = "$(TARGET_NAME)";
				TEST_TARGET_NAME = TeamCityTest;
			};
			name = Release;
		};
/* End XCBuildConfiguration section */

/* Begin XCConfigurationList section */
		008A85191CB8C1A900C7ECE5 /* Build configuration list for PBXProject "TeamCityTest" */ = {
			isa = XCConfigurationList;
			buildConfigurations = (
				008A85441CB8C1AA00C7ECE5 /* Debug */,
				008A85451CB8C1AA00C7ECE5 /* Release */,
			);
			defaultConfigurationIsVisible = 0;
			defaultConfigurationName = Release;
		};
		008A85461CB8C1AA00C7ECE5 /* Build configuration list for PBXNativeTarget "TeamCityTest" */ = {
			isa = XCConfigurationList;
			buildConfigurations = (
				008A85471CB8C1AA00C7ECE5 /* Debug */,
				008A85481CB8C1AA00C7ECE5 /* Release */,
			);
			defaultConfigurationIsVisible = 0;
		};
		008A85491CB8C1AA00C7ECE5 /* Build configuration list for PBXNativeTarget "TeamCityTestTests" */ = {
			isa = XCConfigurationList;
			buildConfigurations = (
				008A854A1CB8C1AA00C7ECE5 /* Debug */,
				008A854B1CB8C1AA00C7ECE5 /* Release */,
			);
			defaultConfigurationIsVisible = 0;
		};
		008A854C1CB8C1AA00C7ECE5 /* Build configuration list for PBXNativeTarget "TeamCityTestUITests" */ = {
			isa = XCConfigurationList;
			buildConfigurations = (
				008A854D1CB8C1AA00C7ECE5 /* Debug */,
				008A854E1CB8C1AA00C7ECE5 /* Release */,
			);
			defaultConfigurationIsVisible = 0;
		};
/* End XCConfigurationList section */
	};
	rootObject = 008A85161CB8C1A900C7ECE5 /* Project object */;
}
